
Microsoft Visual Studio Solution File, Format Version 12.00
# Visual Studio Version 17
VisualStudioVersion = 17.9.34714.143
MinimumVisualStudioVersion = 10.0.40219.1
Project("{FAE04EC0-301F-11D3-BF4B-00C04F79EFBC}") = "WpfApp1", "WpfApp1.csproj", "{9AEDD558-6635-4796-962C-D5FE3B910B6B}"
EndProject
Global
	GlobalSection(SolutionConfigurationPlatforms) = preSolution
		Debug|Any CPU = Debug|Any CPU
		Release|Any CPU = Release|Any CPU
	EndGlobalSection
	GlobalSection(ProjectConfigurationPlatforms) = postSolution
		{9AEDD558-6635-4796-962C-D5FE3B910B6B}.Debug|Any CPU.ActiveCfg = Debug|Any CPU
		{9AEDD558-6635-4796-962C-D5FE3B910B6B}.Debug|Any CPU.Build.0 = Debug|Any CPU
		{9AEDD558-6635-4796-962C-D5FE3B910B6B}.Release|Any CPU.ActiveCfg = Release|Any CPU
		{9AEDD558-6635-4796-962C-D5FE3B910B6B}.Release|Any CPU.Build.0 = Release|Any CPU
	EndGlobalSection
	GlobalSection(SolutionProperties) = preSolution
		HideSolutionNode = FALSE
	EndGlobalSection
	GlobalSection(ExtensibilityGlobals) = postSolution
		SolutionGuid = {639DEDDD-636E-401D-A962-E2A6DF194280}
	EndGlobalSection
EndGlobal
